
Microsoft Visual Studio Solution File, Format Version 12.00
# Visual Studio 15
VisualStudioVersion = 15.0.28307.136
MinimumVisualStudioVersion = 10.0.40219.1
Project("{2150E333-8FDC-42A3-9474-1A3956D46DE8}") = "src", "src", "{6ACDFDD8-8448-4464-905D-4BBF10D6F9DD}"
EndProject
Project("{2150E333-8FDC-42A3-9474-1A3956D46DE8}") = "tests", "tests", "{5BD090FB-5B01-4DC5-86CB-6E8A364F64B2}"
EndProject
Project("{9A19103F-16F7-4668-BE54-9A1E7A4F7556}") = "Email.Api", "src\server\Email.Api\Email.Api.csproj", "{1C104C06-421E-4A45-8363-9A88437F9288}"
EndProject
Project("{9A19103F-16F7-4668-BE54-9A1E7A4F7556}") = "Email.Business", "src\server\Email.Business\Email.Business.csproj", "{06285B43-4E6D-4471-BA5A-1DFD91C83FE8}"
EndProject
Project("{9A19103F-16F7-4668-BE54-9A1E7A4F7556}") = "Email.Business.Tests", "tests\Email.Business.Tests\Email.Business.Tests.csproj", "{C0EDD60A-B919-4643-8EE5-D73A6EFD32B7}"
EndProject
Project("{9A19103F-16F7-4668-BE54-9A1E7A4F7556}") = "Email.Core", "src\server\Email.Core\Email.Core.csproj", "{9D244690-2936-43BB-A425-B6EDE1723E0B}"
EndProject
Project("{9A19103F-16F7-4668-BE54-9A1E7A4F7556}") = "Email.Data", "src\server\Email.Data\Email.Data.csproj", "{D6B42243-6279-488F-A2D1-6347D4B10A88}"
EndProject
Project("{9A19103F-16F7-4668-BE54-9A1E7A4F7556}") = "Email.Data.EntityFramework", "src\server\Email.Data.EntityFramework\Email.Data.EntityFramework.csproj", "{D3B6764A-A2FE-4F65-BD04-4E4E55E6E839}"
EndProject
Global
	GlobalSection(SolutionConfigurationPlatforms) = preSolution
		CI|Any CPU = CI|Any CPU
		Debug|Any CPU = Debug|Any CPU
		Release|Any CPU = Release|Any CPU
	EndGlobalSection
	GlobalSection(ProjectConfigurationPlatforms) = postSolution
		{1C104C06-421E-4A45-8363-9A88437F9288}.CI|Any CPU.ActiveCfg = CI|Any CPU
		{1C104C06-421E-4A45-8363-9A88437F9288}.CI|Any CPU.Build.0 = CI|Any CPU
		{1C104C06-421E-4A45-8363-9A88437F9288}.Debug|Any CPU.ActiveCfg = Debug|Any CPU
		{1C104C06-421E-4A45-8363-9A88437F9288}.Debug|Any CPU.Build.0 = Debug|Any CPU
		{1C104C06-421E-4A45-8363-9A88437F9288}.Release|Any CPU.ActiveCfg = Release|Any CPU
		{1C104C06-421E-4A45-8363-9A88437F9288}.Release|Any CPU.Build.0 = Release|Any CPU
		{06285B43-4E6D-4471-BA5A-1DFD91C83FE8}.CI|Any CPU.ActiveCfg = CI|Any CPU
		{06285B43-4E6D-4471-BA5A-1DFD91C83FE8}.CI|Any CPU.Build.0 = CI|Any CPU
		{06285B43-4E6D-4471-BA5A-1DFD91C83FE8}.Debug|Any CPU.ActiveCfg = Debug|Any CPU
		{06285B43-4E6D-4471-BA5A-1DFD91C83FE8}.Debug|Any CPU.Build.0 = Debug|Any CPU
		{06285B43-4E6D-4471-BA5A-1DFD91C83FE8}.Release|Any CPU.ActiveCfg = Release|Any CPU
		{06285B43-4E6D-4471-BA5A-1DFD91C83FE8}.Release|Any CPU.Build.0 = Release|Any CPU
		{C0EDD60A-B919-4643-8EE5-D73A6EFD32B7}.CI|Any CPU.ActiveCfg = CI|Any CPU
		{C0EDD60A-B919-4643-8EE5-D73A6EFD32B7}.CI|Any CPU.Build.0 = CI|Any CPU
		{C0EDD60A-B919-4643-8EE5-D73A6EFD32B7}.Debug|Any CPU.ActiveCfg = Debug|Any CPU
		{C0EDD60A-B919-4643-8EE5-D73A6EFD32B7}.Debug|Any CPU.Build.0 = Debug|Any CPU
		{C0EDD60A-B919-4643-8EE5-D73A6EFD32B7}.Release|Any CPU.ActiveCfg = Release|Any CPU
		{C0EDD60A-B919-4643-8EE5-D73A6EFD32B7}.Release|Any CPU.Build.0 = Release|Any CPU
		{9D244690-2936-43BB-A425-B6EDE1723E0B}.CI|Any CPU.ActiveCfg = CI|Any CPU
		{9D244690-2936-43BB-A425-B6EDE1723E0B}.CI|Any CPU.Build.0 = CI|Any CPU
		{9D244690-2936-43BB-A425-B6EDE1723E0B}.Debug|Any CPU.ActiveCfg = Debug|Any CPU
		{9D244690-2936-43BB-A425-B6EDE1723E0B}.Debug|Any CPU.Build.0 = Debug|Any CPU
		{9D244690-2936-43BB-A425-B6EDE1723E0B}.Release|Any CPU.ActiveCfg = Release|Any CPU
		{9D244690-2936-43BB-A425-B6EDE1723E0B}.Release|Any CPU.Build.0 = Release|Any CPU
		{D6B42243-6279-488F-A2D1-6347D4B10A88}.CI|Any CPU.ActiveCfg = CI|Any CPU
		{D6B42243-6279-488F-A2D1-6347D4B10A88}.CI|Any CPU.Build.0 = CI|Any CPU
		{D6B42243-6279-488F-A2D1-6347D4B10A88}.Debug|Any CPU.ActiveCfg = Debug|Any CPU
		{D6B42243-6279-488F-A2D1-6347D4B10A88}.Debug|Any CPU.Build.0 = Debug|Any CPU
		{D6B42243-6279-488F-A2D1-6347D4B10A88}.Release|Any CPU.ActiveCfg = Release|Any CPU
		{D6B42243-6279-488F-A2D1-6347D4B10A88}.Release|Any CPU.Build.0 = Release|Any CPU
		{D3B6764A-A2FE-4F65-BD04-4E4E55E6E839}.CI|Any CPU.ActiveCfg = CI|Any CPU
		{D3B6764A-A2FE-4F65-BD04-4E4E55E6E839}.CI|Any CPU.Build.0 = CI|Any CPU
		{D3B6764A-A2FE-4F65-BD04-4E4E55E6E839}.Debug|Any CPU.ActiveCfg = Debug|Any CPU
		{D3B6764A-A2FE-4F65-BD04-4E4E55E6E839}.Debug|Any CPU.Build.0 = Debug|Any CPU
		{D3B6764A-A2FE-4F65-BD04-4E4E55E6E839}.Release|Any CPU.ActiveCfg = Release|Any CPU
		{D3B6764A-A2FE-4F65-BD04-4E4E55E6E839}.Release|Any CPU.Build.0 = Release|Any CPU
	EndGlobalSection
	GlobalSection(SolutionProperties) = preSolution
		HideSolutionNode = FALSE
	EndGlobalSection
	GlobalSection(NestedProjects) = preSolution
		{1C104C06-421E-4A45-8363-9A88437F9288} = {6ACDFDD8-8448-4464-905D-4BBF10D6F9DD}
		{06285B43-4E6D-4471-BA5A-1DFD91C83FE8} = {6ACDFDD8-8448-4464-905D-4BBF10D6F9DD}
		{C0EDD60A-B919-4643-8EE5-D73A6EFD32B7} = {5BD090FB-5B01-4DC5-86CB-6E8A364F64B2}
		{9D244690-2936-43BB-A425-B6EDE1723E0B} = {6ACDFDD8-8448-4464-905D-4BBF10D6F9DD}
		{D6B42243-6279-488F-A2D1-6347D4B10A88} = {6ACDFDD8-8448-4464-905D-4BBF10D6F9DD}
		{D3B6764A-A2FE-4F65-BD04-4E4E55E6E839} = {6ACDFDD8-8448-4464-905D-4BBF10D6F9DD}
	EndGlobalSection
	GlobalSection(ExtensibilityGlobals) = postSolution
		SolutionGuid = {39E83AED-B5B3-493D-9FAC-4827B59756CF}
	EndGlobalSection
EndGlobal
