
Microsoft Visual Studio Solution File, Format Version 12.00
# Visual Studio 15
VisualStudioVersion = 15.0.28010.2046
MinimumVisualStudioVersion = 10.0.40219.1
Project("{2150E333-8FDC-42A3-9474-1A3956D46DE8}") = "src", "src", "{444F4FEC-BCA9-484A-88A7-BA8C09120B36}"
EndProject
Project("{2150E333-8FDC-42A3-9474-1A3956D46DE8}") = "tests", "tests", "{CCB72F39-06E5-4576-AD8A-8777FE779A98}"
EndProject
Project("{9A19103F-16F7-4668-BE54-9A1E7A4F7556}") = "Sts.Api", "src\server\Sts.Api\Sts.Api.csproj", "{5164BA8E-C42D-47AF-9800-38A50984FDEB}"
EndProject
Project("{9A19103F-16F7-4668-BE54-9A1E7A4F7556}") = "Sts.Business", "src\server\Sts.Business\Sts.Business.csproj", "{9A772E54-F350-46DB-88FD-A5200DEE12E2}"
EndProject
Project("{9A19103F-16F7-4668-BE54-9A1E7A4F7556}") = "Sts.Business.Tests", "tests\Sts.Business.Tests\Sts.Business.Tests.csproj", "{0FAC81A3-865E-472E-9BB0-43564B0A4087}"
EndProject
Project("{9A19103F-16F7-4668-BE54-9A1E7A4F7556}") = "Sts.Core", "src\server\Sts.Core\Sts.Core.csproj", "{39413C46-F333-40A5-B0C8-BC31A6E0602D}"
EndProject
Project("{9A19103F-16F7-4668-BE54-9A1E7A4F7556}") = "Sts.Data", "src\server\Sts.Data\Sts.Data.csproj", "{435E5FFC-3C90-4ACF-8520-3B9EFD7B3F74}"
EndProject
Project("{9A19103F-16F7-4668-BE54-9A1E7A4F7556}") = "Sts.Data.EntityFramework", "src\server\Sts.Data.EntityFramework\Sts.Data.EntityFramework.csproj", "{F15A6FCB-A2E2-441A-A4F1-2F1A334C26B0}"
EndProject
Global
	GlobalSection(SolutionConfigurationPlatforms) = preSolution
		CI|Any CPU = CI|Any CPU
		Debug|Any CPU = Debug|Any CPU
		Release|Any CPU = Release|Any CPU
	EndGlobalSection
	GlobalSection(ProjectConfigurationPlatforms) = postSolution
		{5164BA8E-C42D-47AF-9800-38A50984FDEB}.CI|Any CPU.ActiveCfg = CI|Any CPU
		{5164BA8E-C42D-47AF-9800-38A50984FDEB}.CI|Any CPU.Build.0 = CI|Any CPU
		{5164BA8E-C42D-47AF-9800-38A50984FDEB}.Debug|Any CPU.ActiveCfg = Debug|Any CPU
		{5164BA8E-C42D-47AF-9800-38A50984FDEB}.Debug|Any CPU.Build.0 = Debug|Any CPU
		{5164BA8E-C42D-47AF-9800-38A50984FDEB}.Release|Any CPU.ActiveCfg = Release|Any CPU
		{5164BA8E-C42D-47AF-9800-38A50984FDEB}.Release|Any CPU.Build.0 = Release|Any CPU
		{9A772E54-F350-46DB-88FD-A5200DEE12E2}.CI|Any CPU.ActiveCfg = CI|Any CPU
		{9A772E54-F350-46DB-88FD-A5200DEE12E2}.CI|Any CPU.Build.0 = CI|Any CPU
		{9A772E54-F350-46DB-88FD-A5200DEE12E2}.Debug|Any CPU.ActiveCfg = Debug|Any CPU
		{9A772E54-F350-46DB-88FD-A5200DEE12E2}.Debug|Any CPU.Build.0 = Debug|Any CPU
		{9A772E54-F350-46DB-88FD-A5200DEE12E2}.Release|Any CPU.ActiveCfg = Release|Any CPU
		{9A772E54-F350-46DB-88FD-A5200DEE12E2}.Release|Any CPU.Build.0 = Release|Any CPU
		{0FAC81A3-865E-472E-9BB0-43564B0A4087}.CI|Any CPU.ActiveCfg = CI|Any CPU
		{0FAC81A3-865E-472E-9BB0-43564B0A4087}.CI|Any CPU.Build.0 = CI|Any CPU
		{0FAC81A3-865E-472E-9BB0-43564B0A4087}.Debug|Any CPU.ActiveCfg = Debug|Any CPU
		{0FAC81A3-865E-472E-9BB0-43564B0A4087}.Debug|Any CPU.Build.0 = Debug|Any CPU
		{0FAC81A3-865E-472E-9BB0-43564B0A4087}.Release|Any CPU.ActiveCfg = Release|Any CPU
		{0FAC81A3-865E-472E-9BB0-43564B0A4087}.Release|Any CPU.Build.0 = Release|Any CPU
		{39413C46-F333-40A5-B0C8-BC31A6E0602D}.CI|Any CPU.ActiveCfg = CI|Any CPU
		{39413C46-F333-40A5-B0C8-BC31A6E0602D}.CI|Any CPU.Build.0 = CI|Any CPU
		{39413C46-F333-40A5-B0C8-BC31A6E0602D}.Debug|Any CPU.ActiveCfg = Debug|Any CPU
		{39413C46-F333-40A5-B0C8-BC31A6E0602D}.Debug|Any CPU.Build.0 = Debug|Any CPU
		{39413C46-F333-40A5-B0C8-BC31A6E0602D}.Release|Any CPU.ActiveCfg = Release|Any CPU
		{39413C46-F333-40A5-B0C8-BC31A6E0602D}.Release|Any CPU.Build.0 = Release|Any CPU
		{435E5FFC-3C90-4ACF-8520-3B9EFD7B3F74}.CI|Any CPU.ActiveCfg = CI|Any CPU
		{435E5FFC-3C90-4ACF-8520-3B9EFD7B3F74}.CI|Any CPU.Build.0 = CI|Any CPU
		{435E5FFC-3C90-4ACF-8520-3B9EFD7B3F74}.Debug|Any CPU.ActiveCfg = Debug|Any CPU
		{435E5FFC-3C90-4ACF-8520-3B9EFD7B3F74}.Debug|Any CPU.Build.0 = Debug|Any CPU
		{435E5FFC-3C90-4ACF-8520-3B9EFD7B3F74}.Release|Any CPU.ActiveCfg = Release|Any CPU
		{435E5FFC-3C90-4ACF-8520-3B9EFD7B3F74}.Release|Any CPU.Build.0 = Release|Any CPU
		{F15A6FCB-A2E2-441A-A4F1-2F1A334C26B0}.CI|Any CPU.ActiveCfg = CI|Any CPU
		{F15A6FCB-A2E2-441A-A4F1-2F1A334C26B0}.CI|Any CPU.Build.0 = CI|Any CPU
		{F15A6FCB-A2E2-441A-A4F1-2F1A334C26B0}.Debug|Any CPU.ActiveCfg = Debug|Any CPU
		{F15A6FCB-A2E2-441A-A4F1-2F1A334C26B0}.Debug|Any CPU.Build.0 = Debug|Any CPU
		{F15A6FCB-A2E2-441A-A4F1-2F1A334C26B0}.Release|Any CPU.ActiveCfg = Release|Any CPU
		{F15A6FCB-A2E2-441A-A4F1-2F1A334C26B0}.Release|Any CPU.Build.0 = Release|Any CPU
	EndGlobalSection
	GlobalSection(SolutionProperties) = preSolution
		HideSolutionNode = FALSE
	EndGlobalSection
	GlobalSection(NestedProjects) = preSolution
		{5164BA8E-C42D-47AF-9800-38A50984FDEB} = {444F4FEC-BCA9-484A-88A7-BA8C09120B36}
		{9A772E54-F350-46DB-88FD-A5200DEE12E2} = {444F4FEC-BCA9-484A-88A7-BA8C09120B36}
		{0FAC81A3-865E-472E-9BB0-43564B0A4087} = {CCB72F39-06E5-4576-AD8A-8777FE779A98}
		{39413C46-F333-40A5-B0C8-BC31A6E0602D} = {444F4FEC-BCA9-484A-88A7-BA8C09120B36}
		{435E5FFC-3C90-4ACF-8520-3B9EFD7B3F74} = {444F4FEC-BCA9-484A-88A7-BA8C09120B36}
		{F15A6FCB-A2E2-441A-A4F1-2F1A334C26B0} = {444F4FEC-BCA9-484A-88A7-BA8C09120B36}
	EndGlobalSection
	GlobalSection(ExtensibilityGlobals) = postSolution
		SolutionGuid = {884E6933-82F6-47BE-95D3-4059D25D699E}
	EndGlobalSection
EndGlobal
