
Microsoft Visual Studio Solution File, Format Version 12.00
# Visual Studio Version 16
VisualStudioVersion = 16.0.28315.86
MinimumVisualStudioVersion = 10.0.40219.1
Project("{2150E333-8FDC-42A3-9474-1A3956D46DE8}") = "src", "src", "{98CD2D07-ECA8-44B6-A715-0D07252D24C3}"
EndProject
Project("{2150E333-8FDC-42A3-9474-1A3956D46DE8}") = "tests", "tests", "{B1FC3E6F-773A-40D6-AF55-FB892010A72B}"
EndProject
Project("{9A19103F-16F7-4668-BE54-9A1E7A4F7556}") = "Boards.Api", "src\server\Boards.Api\Boards.Api.csproj", "{FFF0C52F-E88C-4504-A1EC-905B5A12512C}"
EndProject
Project("{9A19103F-16F7-4668-BE54-9A1E7A4F7556}") = "Boards.Business", "src\server\Boards.Business\Boards.Business.csproj", "{E0D69AD8-9516-40F4-AAE1-9DB2913400A5}"
EndProject
Project("{9A19103F-16F7-4668-BE54-9A1E7A4F7556}") = "Boards.Business.Tests", "tests\Boards.Business.Tests\Boards.Business.Tests.csproj", "{CCA258C5-8845-4A62-8C6B-EFD5EABEDB6C}"
EndProject
Project("{9A19103F-16F7-4668-BE54-9A1E7A4F7556}") = "Boards.Core", "src\server\Boards.Core\Boards.Core.csproj", "{CCD99DB3-2981-498C-9F96-3A6DF31F1A79}"
EndProject
Project("{9A19103F-16F7-4668-BE54-9A1E7A4F7556}") = "Boards.Data", "src\server\Boards.Data\Boards.Data.csproj", "{A998EE17-5032-47CF-8F80-275044EEDF92}"
EndProject
Project("{9A19103F-16F7-4668-BE54-9A1E7A4F7556}") = "Boards.Data.EntityFramework", "src\server\Boards.Data.EntityFramework\Boards.Data.EntityFramework.csproj", "{CAF0827D-D8AD-4C50-83BF-79A93BAC7CAC}"
EndProject
Global
	GlobalSection(SolutionConfigurationPlatforms) = preSolution
		CI|Any CPU = CI|Any CPU
		Debug|Any CPU = Debug|Any CPU
		Release|Any CPU = Release|Any CPU
	EndGlobalSection
	GlobalSection(ProjectConfigurationPlatforms) = postSolution
		{FFF0C52F-E88C-4504-A1EC-905B5A12512C}.CI|Any CPU.ActiveCfg = CI|Any CPU
		{FFF0C52F-E88C-4504-A1EC-905B5A12512C}.CI|Any CPU.Build.0 = CI|Any CPU
		{FFF0C52F-E88C-4504-A1EC-905B5A12512C}.Debug|Any CPU.ActiveCfg = Debug|Any CPU
		{FFF0C52F-E88C-4504-A1EC-905B5A12512C}.Debug|Any CPU.Build.0 = Debug|Any CPU
		{FFF0C52F-E88C-4504-A1EC-905B5A12512C}.Release|Any CPU.ActiveCfg = Release|Any CPU
		{FFF0C52F-E88C-4504-A1EC-905B5A12512C}.Release|Any CPU.Build.0 = Release|Any CPU
		{E0D69AD8-9516-40F4-AAE1-9DB2913400A5}.CI|Any CPU.ActiveCfg = CI|Any CPU
		{E0D69AD8-9516-40F4-AAE1-9DB2913400A5}.CI|Any CPU.Build.0 = CI|Any CPU
		{E0D69AD8-9516-40F4-AAE1-9DB2913400A5}.Debug|Any CPU.ActiveCfg = Debug|Any CPU
		{E0D69AD8-9516-40F4-AAE1-9DB2913400A5}.Debug|Any CPU.Build.0 = Debug|Any CPU
		{E0D69AD8-9516-40F4-AAE1-9DB2913400A5}.Release|Any CPU.ActiveCfg = Release|Any CPU
		{E0D69AD8-9516-40F4-AAE1-9DB2913400A5}.Release|Any CPU.Build.0 = Release|Any CPU
		{CCA258C5-8845-4A62-8C6B-EFD5EABEDB6C}.CI|Any CPU.ActiveCfg = CI|Any CPU
		{CCA258C5-8845-4A62-8C6B-EFD5EABEDB6C}.CI|Any CPU.Build.0 = CI|Any CPU
		{CCA258C5-8845-4A62-8C6B-EFD5EABEDB6C}.Debug|Any CPU.ActiveCfg = Debug|Any CPU
		{CCA258C5-8845-4A62-8C6B-EFD5EABEDB6C}.Debug|Any CPU.Build.0 = Debug|Any CPU
		{CCA258C5-8845-4A62-8C6B-EFD5EABEDB6C}.Release|Any CPU.ActiveCfg = Release|Any CPU
		{CCA258C5-8845-4A62-8C6B-EFD5EABEDB6C}.Release|Any CPU.Build.0 = Release|Any CPU
		{CCD99DB3-2981-498C-9F96-3A6DF31F1A79}.CI|Any CPU.ActiveCfg = CI|Any CPU
		{CCD99DB3-2981-498C-9F96-3A6DF31F1A79}.CI|Any CPU.Build.0 = CI|Any CPU
		{CCD99DB3-2981-498C-9F96-3A6DF31F1A79}.Debug|Any CPU.ActiveCfg = Debug|Any CPU
		{CCD99DB3-2981-498C-9F96-3A6DF31F1A79}.Debug|Any CPU.Build.0 = Debug|Any CPU
		{CCD99DB3-2981-498C-9F96-3A6DF31F1A79}.Release|Any CPU.ActiveCfg = Release|Any CPU
		{CCD99DB3-2981-498C-9F96-3A6DF31F1A79}.Release|Any CPU.Build.0 = Release|Any CPU
		{A998EE17-5032-47CF-8F80-275044EEDF92}.CI|Any CPU.ActiveCfg = CI|Any CPU
		{A998EE17-5032-47CF-8F80-275044EEDF92}.CI|Any CPU.Build.0 = CI|Any CPU
		{A998EE17-5032-47CF-8F80-275044EEDF92}.Debug|Any CPU.ActiveCfg = Debug|Any CPU
		{A998EE17-5032-47CF-8F80-275044EEDF92}.Debug|Any CPU.Build.0 = Debug|Any CPU
		{A998EE17-5032-47CF-8F80-275044EEDF92}.Release|Any CPU.ActiveCfg = Release|Any CPU
		{A998EE17-5032-47CF-8F80-275044EEDF92}.Release|Any CPU.Build.0 = Release|Any CPU
		{CAF0827D-D8AD-4C50-83BF-79A93BAC7CAC}.CI|Any CPU.ActiveCfg = CI|Any CPU
		{CAF0827D-D8AD-4C50-83BF-79A93BAC7CAC}.CI|Any CPU.Build.0 = CI|Any CPU
		{CAF0827D-D8AD-4C50-83BF-79A93BAC7CAC}.Debug|Any CPU.ActiveCfg = Debug|Any CPU
		{CAF0827D-D8AD-4C50-83BF-79A93BAC7CAC}.Debug|Any CPU.Build.0 = Debug|Any CPU
		{CAF0827D-D8AD-4C50-83BF-79A93BAC7CAC}.Release|Any CPU.ActiveCfg = Release|Any CPU
		{CAF0827D-D8AD-4C50-83BF-79A93BAC7CAC}.Release|Any CPU.Build.0 = Release|Any CPU
	EndGlobalSection
	GlobalSection(SolutionProperties) = preSolution
		HideSolutionNode = FALSE
	EndGlobalSection
	GlobalSection(NestedProjects) = preSolution
		{FFF0C52F-E88C-4504-A1EC-905B5A12512C} = {98CD2D07-ECA8-44B6-A715-0D07252D24C3}
		{E0D69AD8-9516-40F4-AAE1-9DB2913400A5} = {98CD2D07-ECA8-44B6-A715-0D07252D24C3}
		{CCA258C5-8845-4A62-8C6B-EFD5EABEDB6C} = {B1FC3E6F-773A-40D6-AF55-FB892010A72B}
		{CCD99DB3-2981-498C-9F96-3A6DF31F1A79} = {98CD2D07-ECA8-44B6-A715-0D07252D24C3}
		{A998EE17-5032-47CF-8F80-275044EEDF92} = {98CD2D07-ECA8-44B6-A715-0D07252D24C3}
		{CAF0827D-D8AD-4C50-83BF-79A93BAC7CAC} = {98CD2D07-ECA8-44B6-A715-0D07252D24C3}
	EndGlobalSection
	GlobalSection(ExtensibilityGlobals) = postSolution
		SolutionGuid = {246AB6C3-0B31-41C1-B857-54783D8C0230}
	EndGlobalSection
EndGlobal
