
Microsoft Visual Studio Solution File, Format Version 12.00
# Visual Studio Version 16
VisualStudioVersion = 16.0.28315.86
MinimumVisualStudioVersion = 10.0.40219.1
Project("{2150E333-8FDC-42A3-9474-1A3956D46DE8}") = "src", "src", "{01F74726-553F-46A5-87CE-488EC5134E14}"
EndProject
Project("{2150E333-8FDC-42A3-9474-1A3956D46DE8}") = "tests", "tests", "{26D8739E-4C99-470E-9792-05A2E6D3CFD5}"
EndProject
Project("{9A19103F-16F7-4668-BE54-9A1E7A4F7556}") = "Bdd.Api", "src\server\Bdd.Api\Bdd.Api.csproj", "{EFB98795-7BFF-46DC-987B-2699AC3DF800}"
EndProject
Project("{9A19103F-16F7-4668-BE54-9A1E7A4F7556}") = "Bdd.Business", "src\server\Bdd.Business\Bdd.Business.csproj", "{88B5995C-1F15-42AA-8519-99CFDD730DD8}"
EndProject
Project("{9A19103F-16F7-4668-BE54-9A1E7A4F7556}") = "Bdd.Business.Tests", "tests\Bdd.Business.Tests\Bdd.Business.Tests.csproj", "{061FC521-CF02-4EF4-A912-08959E32C1A5}"
EndProject
Project("{9A19103F-16F7-4668-BE54-9A1E7A4F7556}") = "Bdd.Core", "src\server\Bdd.Core\Bdd.Core.csproj", "{7EA13AC6-0141-4D4A-B587-F55DB9088537}"
EndProject
Project("{9A19103F-16F7-4668-BE54-9A1E7A4F7556}") = "Bdd.Data", "src\server\Bdd.Data\Bdd.Data.csproj", "{A8B66021-DC72-41F6-8AE0-33A3B7BFFAA7}"
EndProject
Project("{9A19103F-16F7-4668-BE54-9A1E7A4F7556}") = "Bdd.Data.EntityFramework", "src\server\Bdd.Data.EntityFramework\Bdd.Data.EntityFramework.csproj", "{E4A8C3EA-092D-49F2-B1E2-3A7FF8E69D73}"
EndProject
Global
	GlobalSection(SolutionConfigurationPlatforms) = preSolution
		CI|Any CPU = CI|Any CPU
		Debug|Any CPU = Debug|Any CPU
		Release|Any CPU = Release|Any CPU
	EndGlobalSection
	GlobalSection(ProjectConfigurationPlatforms) = postSolution
		{EFB98795-7BFF-46DC-987B-2699AC3DF800}.CI|Any CPU.ActiveCfg = CI|Any CPU
		{EFB98795-7BFF-46DC-987B-2699AC3DF800}.CI|Any CPU.Build.0 = CI|Any CPU
		{EFB98795-7BFF-46DC-987B-2699AC3DF800}.Debug|Any CPU.ActiveCfg = Debug|Any CPU
		{EFB98795-7BFF-46DC-987B-2699AC3DF800}.Debug|Any CPU.Build.0 = Debug|Any CPU
		{EFB98795-7BFF-46DC-987B-2699AC3DF800}.Release|Any CPU.ActiveCfg = Release|Any CPU
		{EFB98795-7BFF-46DC-987B-2699AC3DF800}.Release|Any CPU.Build.0 = Release|Any CPU
		{88B5995C-1F15-42AA-8519-99CFDD730DD8}.CI|Any CPU.ActiveCfg = CI|Any CPU
		{88B5995C-1F15-42AA-8519-99CFDD730DD8}.CI|Any CPU.Build.0 = CI|Any CPU
		{88B5995C-1F15-42AA-8519-99CFDD730DD8}.Debug|Any CPU.ActiveCfg = Debug|Any CPU
		{88B5995C-1F15-42AA-8519-99CFDD730DD8}.Debug|Any CPU.Build.0 = Debug|Any CPU
		{88B5995C-1F15-42AA-8519-99CFDD730DD8}.Release|Any CPU.ActiveCfg = Release|Any CPU
		{88B5995C-1F15-42AA-8519-99CFDD730DD8}.Release|Any CPU.Build.0 = Release|Any CPU
		{061FC521-CF02-4EF4-A912-08959E32C1A5}.CI|Any CPU.ActiveCfg = CI|Any CPU
		{061FC521-CF02-4EF4-A912-08959E32C1A5}.CI|Any CPU.Build.0 = CI|Any CPU
		{061FC521-CF02-4EF4-A912-08959E32C1A5}.Debug|Any CPU.ActiveCfg = Debug|Any CPU
		{061FC521-CF02-4EF4-A912-08959E32C1A5}.Debug|Any CPU.Build.0 = Debug|Any CPU
		{061FC521-CF02-4EF4-A912-08959E32C1A5}.Release|Any CPU.ActiveCfg = Release|Any CPU
		{061FC521-CF02-4EF4-A912-08959E32C1A5}.Release|Any CPU.Build.0 = Release|Any CPU
		{7EA13AC6-0141-4D4A-B587-F55DB9088537}.CI|Any CPU.ActiveCfg = CI|Any CPU
		{7EA13AC6-0141-4D4A-B587-F55DB9088537}.CI|Any CPU.Build.0 = CI|Any CPU
		{7EA13AC6-0141-4D4A-B587-F55DB9088537}.Debug|Any CPU.ActiveCfg = Debug|Any CPU
		{7EA13AC6-0141-4D4A-B587-F55DB9088537}.Debug|Any CPU.Build.0 = Debug|Any CPU
		{7EA13AC6-0141-4D4A-B587-F55DB9088537}.Release|Any CPU.ActiveCfg = Release|Any CPU
		{7EA13AC6-0141-4D4A-B587-F55DB9088537}.Release|Any CPU.Build.0 = Release|Any CPU
		{A8B66021-DC72-41F6-8AE0-33A3B7BFFAA7}.CI|Any CPU.ActiveCfg = CI|Any CPU
		{A8B66021-DC72-41F6-8AE0-33A3B7BFFAA7}.CI|Any CPU.Build.0 = CI|Any CPU
		{A8B66021-DC72-41F6-8AE0-33A3B7BFFAA7}.Debug|Any CPU.ActiveCfg = Debug|Any CPU
		{A8B66021-DC72-41F6-8AE0-33A3B7BFFAA7}.Debug|Any CPU.Build.0 = Debug|Any CPU
		{A8B66021-DC72-41F6-8AE0-33A3B7BFFAA7}.Release|Any CPU.ActiveCfg = Release|Any CPU
		{A8B66021-DC72-41F6-8AE0-33A3B7BFFAA7}.Release|Any CPU.Build.0 = Release|Any CPU
		{E4A8C3EA-092D-49F2-B1E2-3A7FF8E69D73}.CI|Any CPU.ActiveCfg = CI|Any CPU
		{E4A8C3EA-092D-49F2-B1E2-3A7FF8E69D73}.CI|Any CPU.Build.0 = CI|Any CPU
		{E4A8C3EA-092D-49F2-B1E2-3A7FF8E69D73}.Debug|Any CPU.ActiveCfg = Debug|Any CPU
		{E4A8C3EA-092D-49F2-B1E2-3A7FF8E69D73}.Debug|Any CPU.Build.0 = Debug|Any CPU
		{E4A8C3EA-092D-49F2-B1E2-3A7FF8E69D73}.Release|Any CPU.ActiveCfg = Release|Any CPU
		{E4A8C3EA-092D-49F2-B1E2-3A7FF8E69D73}.Release|Any CPU.Build.0 = Release|Any CPU
	EndGlobalSection
	GlobalSection(SolutionProperties) = preSolution
		HideSolutionNode = FALSE
	EndGlobalSection
	GlobalSection(NestedProjects) = preSolution
		{EFB98795-7BFF-46DC-987B-2699AC3DF800} = {01F74726-553F-46A5-87CE-488EC5134E14}
		{88B5995C-1F15-42AA-8519-99CFDD730DD8} = {01F74726-553F-46A5-87CE-488EC5134E14}
		{061FC521-CF02-4EF4-A912-08959E32C1A5} = {26D8739E-4C99-470E-9792-05A2E6D3CFD5}
		{7EA13AC6-0141-4D4A-B587-F55DB9088537} = {01F74726-553F-46A5-87CE-488EC5134E14}
		{A8B66021-DC72-41F6-8AE0-33A3B7BFFAA7} = {01F74726-553F-46A5-87CE-488EC5134E14}
		{E4A8C3EA-092D-49F2-B1E2-3A7FF8E69D73} = {01F74726-553F-46A5-87CE-488EC5134E14}
	EndGlobalSection
	GlobalSection(ExtensibilityGlobals) = postSolution
		SolutionGuid = {E37A3A30-39F7-47E4-9DD2-1F7D5A48D7BA}
	EndGlobalSection
EndGlobal
