
Microsoft Visual Studio Solution File, Format Version 12.00
# Visual Studio 15
VisualStudioVersion = 15.0.28010.2046
MinimumVisualStudioVersion = 10.0.40219.1
Project("{2150E333-8FDC-42A3-9474-1A3956D46DE8}") = "src", "src", "{97105FC5-EFA5-43EF-8EC5-935459DDB251}"
EndProject
Project("{2150E333-8FDC-42A3-9474-1A3956D46DE8}") = "tests", "tests", "{CBD90A0F-F86F-4406-B427-CCAA6CBF2487}"
EndProject
Project("{9A19103F-16F7-4668-BE54-9A1E7A4F7556}") = "Questions.Api.Api", "src\server\Questions.Api.Api\Questions.Api.Api.csproj", "{3272C167-0194-4558-8A03-ACD1CAF8155D}"
EndProject
Project("{9A19103F-16F7-4668-BE54-9A1E7A4F7556}") = "Questions.Api.Business", "src\server\Questions.Api.Business\Questions.Api.Business.csproj", "{02CD7658-FD11-4A03-83CB-AD5BFE6AC35D}"
EndProject
Project("{9A19103F-16F7-4668-BE54-9A1E7A4F7556}") = "Questions.Api.Business.Tests", "tests\Questions.Api.Business.Tests\Questions.Api.Business.Tests.csproj", "{96F48BD7-2DAF-4F04-BFD6-1EB7D27F71F1}"
EndProject
Project("{9A19103F-16F7-4668-BE54-9A1E7A4F7556}") = "Questions.Api.Core", "src\server\Questions.Api.Core\Questions.Api.Core.csproj", "{480134A1-F9B3-498A-AFC9-ADF04D7DC05C}"
EndProject
Project("{9A19103F-16F7-4668-BE54-9A1E7A4F7556}") = "Questions.Api.Data", "src\server\Questions.Api.Data\Questions.Api.Data.csproj", "{F5A926E0-EF3B-418C-8C9D-7D0E9D5EB0E8}"
EndProject
Project("{9A19103F-16F7-4668-BE54-9A1E7A4F7556}") = "Questions.Api.Data.EntityFramework", "src\server\Questions.Api.Data.EntityFramework\Questions.Api.Data.EntityFramework.csproj", "{D1247DDE-D664-4587-A8D9-9A5F42F78C6A}"
EndProject
Global
	GlobalSection(SolutionConfigurationPlatforms) = preSolution
		Debug|Any CPU = Debug|Any CPU
		Release|Any CPU = Release|Any CPU
	EndGlobalSection
	GlobalSection(ProjectConfigurationPlatforms) = postSolution
		{3272C167-0194-4558-8A03-ACD1CAF8155D}.Debug|Any CPU.ActiveCfg = Debug|Any CPU
		{3272C167-0194-4558-8A03-ACD1CAF8155D}.Debug|Any CPU.Build.0 = Debug|Any CPU
		{3272C167-0194-4558-8A03-ACD1CAF8155D}.Release|Any CPU.ActiveCfg = Release|Any CPU
		{3272C167-0194-4558-8A03-ACD1CAF8155D}.Release|Any CPU.Build.0 = Release|Any CPU
		{02CD7658-FD11-4A03-83CB-AD5BFE6AC35D}.Debug|Any CPU.ActiveCfg = Debug|Any CPU
		{02CD7658-FD11-4A03-83CB-AD5BFE6AC35D}.Debug|Any CPU.Build.0 = Debug|Any CPU
		{02CD7658-FD11-4A03-83CB-AD5BFE6AC35D}.Release|Any CPU.ActiveCfg = Release|Any CPU
		{02CD7658-FD11-4A03-83CB-AD5BFE6AC35D}.Release|Any CPU.Build.0 = Release|Any CPU
		{96F48BD7-2DAF-4F04-BFD6-1EB7D27F71F1}.Debug|Any CPU.ActiveCfg = Debug|Any CPU
		{96F48BD7-2DAF-4F04-BFD6-1EB7D27F71F1}.Debug|Any CPU.Build.0 = Debug|Any CPU
		{96F48BD7-2DAF-4F04-BFD6-1EB7D27F71F1}.Release|Any CPU.ActiveCfg = Release|Any CPU
		{96F48BD7-2DAF-4F04-BFD6-1EB7D27F71F1}.Release|Any CPU.Build.0 = Release|Any CPU
		{480134A1-F9B3-498A-AFC9-ADF04D7DC05C}.Debug|Any CPU.ActiveCfg = Debug|Any CPU
		{480134A1-F9B3-498A-AFC9-ADF04D7DC05C}.Debug|Any CPU.Build.0 = Debug|Any CPU
		{480134A1-F9B3-498A-AFC9-ADF04D7DC05C}.Release|Any CPU.ActiveCfg = Release|Any CPU
		{480134A1-F9B3-498A-AFC9-ADF04D7DC05C}.Release|Any CPU.Build.0 = Release|Any CPU
		{F5A926E0-EF3B-418C-8C9D-7D0E9D5EB0E8}.Debug|Any CPU.ActiveCfg = Debug|Any CPU
		{F5A926E0-EF3B-418C-8C9D-7D0E9D5EB0E8}.Debug|Any CPU.Build.0 = Debug|Any CPU
		{F5A926E0-EF3B-418C-8C9D-7D0E9D5EB0E8}.Release|Any CPU.ActiveCfg = Release|Any CPU
		{F5A926E0-EF3B-418C-8C9D-7D0E9D5EB0E8}.Release|Any CPU.Build.0 = Release|Any CPU
		{D1247DDE-D664-4587-A8D9-9A5F42F78C6A}.Debug|Any CPU.ActiveCfg = Debug|Any CPU
		{D1247DDE-D664-4587-A8D9-9A5F42F78C6A}.Debug|Any CPU.Build.0 = Debug|Any CPU
		{D1247DDE-D664-4587-A8D9-9A5F42F78C6A}.Release|Any CPU.ActiveCfg = Release|Any CPU
		{D1247DDE-D664-4587-A8D9-9A5F42F78C6A}.Release|Any CPU.Build.0 = Release|Any CPU
	EndGlobalSection
	GlobalSection(SolutionProperties) = preSolution
		HideSolutionNode = FALSE
	EndGlobalSection
	GlobalSection(NestedProjects) = preSolution
		{3272C167-0194-4558-8A03-ACD1CAF8155D} = {97105FC5-EFA5-43EF-8EC5-935459DDB251}
		{02CD7658-FD11-4A03-83CB-AD5BFE6AC35D} = {97105FC5-EFA5-43EF-8EC5-935459DDB251}
		{96F48BD7-2DAF-4F04-BFD6-1EB7D27F71F1} = {CBD90A0F-F86F-4406-B427-CCAA6CBF2487}
		{480134A1-F9B3-498A-AFC9-ADF04D7DC05C} = {97105FC5-EFA5-43EF-8EC5-935459DDB251}
		{F5A926E0-EF3B-418C-8C9D-7D0E9D5EB0E8} = {97105FC5-EFA5-43EF-8EC5-935459DDB251}
		{D1247DDE-D664-4587-A8D9-9A5F42F78C6A} = {97105FC5-EFA5-43EF-8EC5-935459DDB251}
	EndGlobalSection
	GlobalSection(ExtensibilityGlobals) = postSolution
		SolutionGuid = {EA7536B0-24B9-4161-B9DC-1E350494D021}
	EndGlobalSection
EndGlobal
